
Microsoft Visual Studio Solution File, Format Version 12.00
Project("{2150E333-8FDC-42A3-9474-1A3956D46DE8}") = "Core", "Core", "{1A76FFB6-9546-4A51-9AD7-F56D7511408B}"
EndProject
Project("{FAE04EC0-301F-11D3-BF4B-00C04F79EFBC}") = "Eticaret.Domain", "Core\Eticaret.Domain\Eticaret.Domain.csproj", "{0591EE4F-DB94-4A75-805E-FC7D9494FEF7}"
EndProject
Project("{FAE04EC0-301F-11D3-BF4B-00C04F79EFBC}") = "Eticaret.Application", "Core\Eticaret.Application\Eticaret.Application.csproj", "{C6CBD29B-B3A6-48F7-ACDD-18F4530AE072}"
EndProject
Project("{2150E333-8FDC-42A3-9474-1A3956D46DE8}") = "Infrastructure", "Infrastructure", "{7609EE50-9B7F-4018-9FFE-6EFCCD7ED1E0}"
EndProject
Project("{FAE04EC0-301F-11D3-BF4B-00C04F79EFBC}") = "Eticaret.Infrastructure", "Infrastructure\Eticaret.Infrastructure\Eticaret.Infrastructure.csproj", "{45B887F9-C44B-4F5E-9449-298792303F23}"
EndProject
Project("{FAE04EC0-301F-11D3-BF4B-00C04F79EFBC}") = "Eticaret.Persistence", "Infrastructure\Eticaret.Persistence\Eticaret.Persistence.csproj", "{556CFE16-1D85-4AE2-ACB7-CD51DA84CE8C}"
EndProject
Project("{2150E333-8FDC-42A3-9474-1A3956D46DE8}") = "Presentation", "Presentation", "{79C104A7-07A0-4AD8-B73B-A3353D38ED0F}"
EndProject
Project("{FAE04EC0-301F-11D3-BF4B-00C04F79EFBC}") = "Eticaret.API", "Presentation\Eticaret.API\Eticaret.API.csproj", "{9A4E5CE7-CE10-40B8-8BAA-BCE1D790E39A}"
EndProject
Global
	GlobalSection(SolutionConfigurationPlatforms) = preSolution
		Debug|Any CPU = Debug|Any CPU
		Release|Any CPU = Release|Any CPU
	EndGlobalSection
	GlobalSection(ProjectConfigurationPlatforms) = postSolution
		{0591EE4F-DB94-4A75-805E-FC7D9494FEF7}.Debug|Any CPU.ActiveCfg = Debug|Any CPU
		{0591EE4F-DB94-4A75-805E-FC7D9494FEF7}.Debug|Any CPU.Build.0 = Debug|Any CPU
		{0591EE4F-DB94-4A75-805E-FC7D9494FEF7}.Release|Any CPU.ActiveCfg = Release|Any CPU
		{0591EE4F-DB94-4A75-805E-FC7D9494FEF7}.Release|Any CPU.Build.0 = Release|Any CPU
		{C6CBD29B-B3A6-48F7-ACDD-18F4530AE072}.Debug|Any CPU.ActiveCfg = Debug|Any CPU
		{C6CBD29B-B3A6-48F7-ACDD-18F4530AE072}.Debug|Any CPU.Build.0 = Debug|Any CPU
		{C6CBD29B-B3A6-48F7-ACDD-18F4530AE072}.Release|Any CPU.ActiveCfg = Release|Any CPU
		{C6CBD29B-B3A6-48F7-ACDD-18F4530AE072}.Release|Any CPU.Build.0 = Release|Any CPU
		{45B887F9-C44B-4F5E-9449-298792303F23}.Debug|Any CPU.ActiveCfg = Debug|Any CPU
		{45B887F9-C44B-4F5E-9449-298792303F23}.Debug|Any CPU.Build.0 = Debug|Any CPU
		{45B887F9-C44B-4F5E-9449-298792303F23}.Release|Any CPU.ActiveCfg = Release|Any CPU
		{45B887F9-C44B-4F5E-9449-298792303F23}.Release|Any CPU.Build.0 = Release|Any CPU
		{556CFE16-1D85-4AE2-ACB7-CD51DA84CE8C}.Debug|Any CPU.ActiveCfg = Debug|Any CPU
		{556CFE16-1D85-4AE2-ACB7-CD51DA84CE8C}.Debug|Any CPU.Build.0 = Debug|Any CPU
		{556CFE16-1D85-4AE2-ACB7-CD51DA84CE8C}.Release|Any CPU.ActiveCfg = Release|Any CPU
		{556CFE16-1D85-4AE2-ACB7-CD51DA84CE8C}.Release|Any CPU.Build.0 = Release|Any CPU
		{9A4E5CE7-CE10-40B8-8BAA-BCE1D790E39A}.Debug|Any CPU.ActiveCfg = Debug|Any CPU
		{9A4E5CE7-CE10-40B8-8BAA-BCE1D790E39A}.Debug|Any CPU.Build.0 = Debug|Any CPU
		{9A4E5CE7-CE10-40B8-8BAA-BCE1D790E39A}.Release|Any CPU.ActiveCfg = Release|Any CPU
		{9A4E5CE7-CE10-40B8-8BAA-BCE1D790E39A}.Release|Any CPU.Build.0 = Release|Any CPU
	EndGlobalSection
	GlobalSection(NestedProjects) = preSolution
		{0591EE4F-DB94-4A75-805E-FC7D9494FEF7} = {1A76FFB6-9546-4A51-9AD7-F56D7511408B}
		{C6CBD29B-B3A6-48F7-ACDD-18F4530AE072} = {1A76FFB6-9546-4A51-9AD7-F56D7511408B}
		{45B887F9-C44B-4F5E-9449-298792303F23} = {7609EE50-9B7F-4018-9FFE-6EFCCD7ED1E0}
		{556CFE16-1D85-4AE2-ACB7-CD51DA84CE8C} = {7609EE50-9B7F-4018-9FFE-6EFCCD7ED1E0}
		{9A4E5CE7-CE10-40B8-8BAA-BCE1D790E39A} = {79C104A7-07A0-4AD8-B73B-A3353D38ED0F}
	EndGlobalSection
EndGlobal
